<Solution>
  <Folder Name="/database/">
    <File Path="database/1.0.0.sql" />
  </Folder>
  <Folder Name="/database/1.0.0/" />
  <Folder Name="/database/1.0.0/ddl/">
    <File Path="database/1.0.0/ddl/01_databases.sql" />
    <File Path="database/1.0.0/ddl/02_catalog.sql" />
    <File Path="database/1.0.0/ddl/03_booking.sql" />
    <File Path="database/1.0.0/ddl/04_identity.sql" />
  </Folder>
  <Folder Name="/database/1.0.0/dml/">
    <File Path="database/1.0.0/dml/01_catalog_seed.sql" />
    <File Path="database/1.0.0/dml/02_identity_seed.sql" />
  </Folder>
  <Folder Name="/docker/">
    <File Path=".dockerignore" />
    <File Path=".env.example" />
    <File Path="docker-compose.yml" />
    <File Path="Dockerfile" />
  </Folder>
  <Folder Name="/jenkins/">
    <File Path="Jenkinsfile" />
    <File Path="jenkins/casc.yaml" />
    <File Path="jenkins/Dockerfile" />
    <File Path="jenkins/plugins.txt" />
  </Folder>
  <Folder Name="/postman/">
    <File Path="postman/CinemaBooking.postman_collection.json" />
  </Folder>
  <Folder Name="/src/" />
  <Folder Name="/src/Bookings/">
    <Project Path="src/Bookings/CinemaBooking.Bookings.Api/CinemaBooking.Bookings.Api.csproj" />
    <Project Path="src/Bookings/CinemaBooking.Bookings.Core/CinemaBooking.Bookings.Core.csproj" />
    <Project Path="src/Bookings/CinemaBooking.Bookings.Infrastructure/CinemaBooking.Bookings.Infrastructure.csproj" />
  </Folder>
  <Folder Name="/src/Catalog/">
    <Project Path="src/Catalog/CinemaBooking.Catalog.Api/CinemaBooking.Catalog.Api.csproj" />
    <Project Path="src/Catalog/CinemaBooking.Catalog.Core/CinemaBooking.Catalog.Core.csproj" />
    <Project Path="src/Catalog/CinemaBooking.Catalog.Infrastructure/CinemaBooking.Catalog.Infrastructure.csproj" />
  </Folder>
  <Folder Name="/src/Identity/">
    <Project Path="src/Identity/CinemaBooking.Identity.Api/CinemaBooking.Identity.Api.csproj" />
  </Folder>
  <Folder Name="/src/Shared/">
    <Project Path="src/Shared/CinemaBooking.Security/CinemaBooking.Security.csproj" />
  </Folder>
  <Folder Name="/tests/">
    <Project Path="tests/CinemaBooking.Bookings.Tests/CinemaBooking.Bookings.Tests.csproj" />
    <Project Path="tests/CinemaBooking.Catalog.Tests/CinemaBooking.Catalog.Tests.csproj" />
    <Project Path="tests/CinemaBooking.Identity.Tests/CinemaBooking.Identity.Tests.csproj" />
  </Folder>
</Solution>
