<Solution>
  <Folder Name="/database/">
    <File Path="database/1.0.0.sql" />
  </Folder>
  <Folder Name="/database/1.0.0/" />
  <Folder Name="/database/1.0.0/ddl/">
    <File Path="database/1.0.0/ddl/01_databases.sql" />
    <File Path="database/1.0.0/ddl/02_catalog.sql" />
    <File Path="database/1.0.0/ddl/03_booking.sql" />
    <File Path="database/1.0.0/ddl/04_identity.sql" />
  </Folder>
  <Folder Name="/database/1.0.0/dml/">
    <File Path="database/1.0.0/dml/01_catalog_seed.sql" />
  </Folder>
  <Folder Name="/src/" />
  <Folder Name="/src/Catalog/">
    <Project Path="src/Catalog/CinemaBooking.Catalog.Api/CinemaBooking.Catalog.Api.csproj" />
  </Folder>
</Solution>
